
Microsoft Visual Studio Solution File, Format Version 12.00
# Visual Studio 14
VisualStudioVersion = 14.0.25420.1
MinimumVisualStudioVersion = 10.0.40219.1
Project("{2150E333-8FDC-42A3-9474-1A3956D46DE8}") = "src", "src", "{4FF0E08B-453C-44A8-A534-2B0812C6CEE3}"
EndProject
Project("{8BB2217D-0F2D-49D1-97BC-3654ED321F3B}") = "Docker.DotNet.Reactive", "src\Docker.DotNet.Reactive\Docker.DotNet.Reactive.xproj", "{1F3282F8-E7DB-4E84-941A-4D284D4A9641}"
EndProject
Project("{2150E333-8FDC-42A3-9474-1A3956D46DE8}") = "common", "common", "{67D65BA4-94C5-4C11-953B-3FE57F8718AE}"
	ProjectSection(SolutionItems) = preProject
		.editorconfig = .editorconfig
		.gitignore = .gitignore
		global.json = global.json
		README.md = README.md
	EndProjectSection
EndProject
Project("{8BB2217D-0F2D-49D1-97BC-3654ED321F3B}") = "TestHarness", "src\TestHarness\TestHarness.xproj", "{0A428B56-CF85-41FE-B316-13C6BE051058}"
EndProject
Global
	GlobalSection(SolutionConfigurationPlatforms) = preSolution
		Debug|Any CPU = Debug|Any CPU
		Release|Any CPU = Release|Any CPU
	EndGlobalSection
	GlobalSection(ProjectConfigurationPlatforms) = postSolution
		{1F3282F8-E7DB-4E84-941A-4D284D4A9641}.Debug|Any CPU.ActiveCfg = Debug|Any CPU
		{1F3282F8-E7DB-4E84-941A-4D284D4A9641}.Debug|Any CPU.Build.0 = Debug|Any CPU
		{1F3282F8-E7DB-4E84-941A-4D284D4A9641}.Release|Any CPU.ActiveCfg = Release|Any CPU
		{1F3282F8-E7DB-4E84-941A-4D284D4A9641}.Release|Any CPU.Build.0 = Release|Any CPU
		{0A428B56-CF85-41FE-B316-13C6BE051058}.Debug|Any CPU.ActiveCfg = Debug|Any CPU
		{0A428B56-CF85-41FE-B316-13C6BE051058}.Debug|Any CPU.Build.0 = Debug|Any CPU
		{0A428B56-CF85-41FE-B316-13C6BE051058}.Release|Any CPU.ActiveCfg = Release|Any CPU
		{0A428B56-CF85-41FE-B316-13C6BE051058}.Release|Any CPU.Build.0 = Release|Any CPU
	EndGlobalSection
	GlobalSection(SolutionProperties) = preSolution
		HideSolutionNode = FALSE
	EndGlobalSection
	GlobalSection(NestedProjects) = preSolution
		{1F3282F8-E7DB-4E84-941A-4D284D4A9641} = {4FF0E08B-453C-44A8-A534-2B0812C6CEE3}
		{0A428B56-CF85-41FE-B316-13C6BE051058} = {4FF0E08B-453C-44A8-A534-2B0812C6CEE3}
	EndGlobalSection
EndGlobal
